
Microsoft Visual Studio Solution File, Format Version 12.00
# Visual Studio Version 17
VisualStudioVersion = 17.7.34009.444
MinimumVisualStudioVersion = 10.0.40219.1
Project("{8BC9CEB8-8B4A-11D0-8D11-00A0C91BC942}") = "lw5", "lw5\lw5.vcxproj", "{F89D884D-AE11-4816-98BD-2C09D715711D}"
EndProject
Global
	GlobalSection(SolutionConfigurationPlatforms) = preSolution
		Debug|x64 = Debug|x64
		Debug|x86 = Debug|x86
		Release|x64 = Release|x64
		Release|x86 = Release|x86
	EndGlobalSection
	GlobalSection(ProjectConfigurationPlatforms) = postSolution
		{F89D884D-AE11-4816-98BD-2C09D715711D}.Debug|x64.ActiveCfg = Debug|x64
		{F89D884D-AE11-4816-98BD-2C09D715711D}.Debug|x64.Build.0 = Debug|x64
		{F89D884D-AE11-4816-98BD-2C09D715711D}.Debug|x86.ActiveCfg = Debug|Win32
		{F89D884D-AE11-4816-98BD-2C09D715711D}.Debug|x86.Build.0 = Debug|Win32
		{F89D884D-AE11-4816-98BD-2C09D715711D}.Release|x64.ActiveCfg = Release|x64
		{F89D884D-AE11-4816-98BD-2C09D715711D}.Release|x64.Build.0 = Release|x64
		{F89D884D-AE11-4816-98BD-2C09D715711D}.Release|x86.ActiveCfg = Release|Win32
		{F89D884D-AE11-4816-98BD-2C09D715711D}.Release|x86.Build.0 = Release|Win32
	EndGlobalSection
	GlobalSection(SolutionProperties) = preSolution
		HideSolutionNode = FALSE
	EndGlobalSection
	GlobalSection(ExtensibilityGlobals) = postSolution
		SolutionGuid = {4151F8B2-CD6D-4A13-B8A5-2B87B3210605}
	EndGlobalSection
EndGlobal
